
Microsoft Visual Studio Solution File, Format Version 12.00
# Visual Studio Version 17
VisualStudioVersion = 17.6.33723.286
MinimumVisualStudioVersion = 10.0.40219.1
Project("{FAE04EC0-301F-11D3-BF4B-00C04F79EFBC}") = "CursosS.A.1.1", "CursosS.A.1.1\CursosS.A.1.1.csproj", "{E91C1024-AC40-4A2E-8482-49BA96C7F846}"
EndProject
Global
	GlobalSection(SolutionConfigurationPlatforms) = preSolution
		Debug|Any CPU = Debug|Any CPU
		Release|Any CPU = Release|Any CPU
	EndGlobalSection
	GlobalSection(ProjectConfigurationPlatforms) = postSolution
		{E91C1024-AC40-4A2E-8482-49BA96C7F846}.Debug|Any CPU.ActiveCfg = Debug|Any CPU
		{E91C1024-AC40-4A2E-8482-49BA96C7F846}.Debug|Any CPU.Build.0 = Debug|Any CPU
		{E91C1024-AC40-4A2E-8482-49BA96C7F846}.Release|Any CPU.ActiveCfg = Release|Any CPU
		{E91C1024-AC40-4A2E-8482-49BA96C7F846}.Release|Any CPU.Build.0 = Release|Any CPU
	EndGlobalSection
	GlobalSection(SolutionProperties) = preSolution
		HideSolutionNode = FALSE
	EndGlobalSection
	GlobalSection(ExtensibilityGlobals) = postSolution
		SolutionGuid = {D9BB53AD-318E-46A2-80F3-EE368C363CD4}
	EndGlobalSection
EndGlobal
