
Microsoft Visual Studio Solution File, Format Version 12.00
# Visual Studio Version 17
VisualStudioVersion = 17.6.33815.320
MinimumVisualStudioVersion = 10.0.40219.1
Project("{FAE04EC0-301F-11D3-BF4B-00C04F79EFBC}") = "CrudSqlServerDevExpress", "CrudSqlServerDevExpress\CrudSqlServerDevExpress.csproj", "{49BE4A55-2A68-4EE3-8729-B9F4CEBDDE89}"
EndProject
Global
	GlobalSection(SolutionConfigurationPlatforms) = preSolution
		Debug|Any CPU = Debug|Any CPU
		Release|Any CPU = Release|Any CPU
	EndGlobalSection
	GlobalSection(ProjectConfigurationPlatforms) = postSolution
		{49BE4A55-2A68-4EE3-8729-B9F4CEBDDE89}.Debug|Any CPU.ActiveCfg = Debug|Any CPU
		{49BE4A55-2A68-4EE3-8729-B9F4CEBDDE89}.Debug|Any CPU.Build.0 = Debug|Any CPU
		{49BE4A55-2A68-4EE3-8729-B9F4CEBDDE89}.Release|Any CPU.ActiveCfg = Release|Any CPU
		{49BE4A55-2A68-4EE3-8729-B9F4CEBDDE89}.Release|Any CPU.Build.0 = Release|Any CPU
	EndGlobalSection
	GlobalSection(SolutionProperties) = preSolution
		HideSolutionNode = FALSE
	EndGlobalSection
	GlobalSection(ExtensibilityGlobals) = postSolution
		SolutionGuid = {AA900FF7-DB02-40CF-8415-0BFC366EDDAD}
	EndGlobalSection
EndGlobal
